# @generated by Move, please check-in and do not edit manually.

[move]
version = 3
manifest_digest = "239E6D2F20FC467AE72E69DB4400640BEF8FB1EC805AA6C9293A6E3BEE0A45CC"
deps_digest = "F9B494B64F0615AED0E98FC12A85B85ECD2BC5185C22D30E7F67786BB52E507C"
dependencies = [
  { id = "Bridge", name = "Bridge" },
  { id = "MoveStdlib", name = "MoveStdlib" },
  { id = "Sui", name = "Sui" },
  { id = "SuiSystem", name = "SuiSystem" },
]

[[move.package]]
id = "Bridge"
source = { git = "https://github.com/MystenLabs/sui.git", rev = "db951a5ea6b125f6253a6b7f436ddba46eb0feb3", subdir = "crates/sui-framework/packages/bridge" }

dependencies = [
  { id = "MoveStdlib", name = "MoveStdlib" },
  { id = "Sui", name = "Sui" },
  { id = "SuiSystem", name = "SuiSystem" },
]

[[move.package]]
id = "MoveStdlib"
source = { git = "https://github.com/MystenLabs/sui.git", rev = "db951a5ea6b125f6253a6b7f436ddba46eb0feb3", subdir = "crates/sui-framework/packages/move-stdlib" }

[[move.package]]
id = "Sui"
source = { git = "https://github.com/MystenLabs/sui.git", rev = "db951a5ea6b125f6253a6b7f436ddba46eb0feb3", subdir = "crates/sui-framework/packages/sui-framework" }

dependencies = [
  { id = "MoveStdlib", name = "MoveStdlib" },
]

[[move.package]]
id = "SuiSystem"
source = { git = "https://github.com/MystenLabs/sui.git", rev = "db951a5ea6b125f6253a6b7f436ddba46eb0feb3", subdir = "crates/sui-framework/packages/sui-system" }

dependencies = [
  { id = "MoveStdlib", name = "MoveStdlib" },
  { id = "Sui", name = "Sui" },
]

[move.toolchain-version]
compiler-version = "1.54.1"
edition = "2024.beta"
flavor = "sui"

[env]

[env.devnet]
chain-id = "f3356fa1"
original-published-id = "0xc7eb7c7afae8849241dda48bf89bceb6e7c35f73619e2613267e66d2adccd038"
latest-published-id = "0xc7eb7c7afae8849241dda48bf89bceb6e7c35f73619e2613267e66d2adccd038"
published-version = "1"
